
Microsoft Visual Studio Solution File, Format Version 12.00
# Visual Studio 15
VisualStudioVersion = 15.0.26730.15
MinimumVisualStudioVersion = 10.0.40219.1
Project("{FAE04EC0-301F-11D3-BF4B-00C04F79EFBC}") = "Cart", "Cart\Cart.csproj", "{7DE89FB2-0906-4AF7-B453-7127F98921A7}"
EndProject
Global
	GlobalSection(SolutionConfigurationPlatforms) = preSolution
		Debug|Any CPU = Debug|Any CPU
		Release|Any CPU = Release|Any CPU
	EndGlobalSection
	GlobalSection(ProjectConfigurationPlatforms) = postSolution
		{7DE89FB2-0906-4AF7-B453-7127F98921A7}.Debug|Any CPU.ActiveCfg = Debug|Any CPU
		{7DE89FB2-0906-4AF7-B453-7127F98921A7}.Debug|Any CPU.Build.0 = Debug|Any CPU
		{7DE89FB2-0906-4AF7-B453-7127F98921A7}.Release|Any CPU.ActiveCfg = Release|Any CPU
		{7DE89FB2-0906-4AF7-B453-7127F98921A7}.Release|Any CPU.Build.0 = Release|Any CPU
	EndGlobalSection
	GlobalSection(SolutionProperties) = preSolution
		HideSolutionNode = FALSE
	EndGlobalSection
	GlobalSection(ExtensibilityGlobals) = postSolution
		SolutionGuid = {289A72A3-7ED0-4711-9050-F72B7BAB80EA}
	EndGlobalSection
EndGlobal
